
Microsoft Visual Studio Solution File, Format Version 12.00
# Visual Studio 15
VisualStudioVersion = 15.0.27130.2020
MinimumVisualStudioVersion = 10.0.40219.1
Project("{FAE04EC0-301F-11D3-BF4B-00C04F79EFBC}") = "Algorithms", "Algorithms\Algorithms.csproj", "{3072CD72-EF5F-4840-9A5E-A7E8CF91EF53}"
EndProject
Project("{FAE04EC0-301F-11D3-BF4B-00C04F79EFBC}") = "Algorithms.Tests", "..\Algorithms.Tests\Algorithms.Tests.csproj", "{018B2BCE-0DFA-4B8E-8567-43EDA90C53C1}"
EndProject
Global
	GlobalSection(SolutionConfigurationPlatforms) = preSolution
		Debug|Any CPU = Debug|Any CPU
		Release|Any CPU = Release|Any CPU
	EndGlobalSection
	GlobalSection(ProjectConfigurationPlatforms) = postSolution
		{3072CD72-EF5F-4840-9A5E-A7E8CF91EF53}.Debug|Any CPU.ActiveCfg = Debug|Any CPU
		{3072CD72-EF5F-4840-9A5E-A7E8CF91EF53}.Debug|Any CPU.Build.0 = Debug|Any CPU
		{3072CD72-EF5F-4840-9A5E-A7E8CF91EF53}.Release|Any CPU.ActiveCfg = Release|Any CPU
		{3072CD72-EF5F-4840-9A5E-A7E8CF91EF53}.Release|Any CPU.Build.0 = Release|Any CPU
		{018B2BCE-0DFA-4B8E-8567-43EDA90C53C1}.Debug|Any CPU.ActiveCfg = Debug|Any CPU
		{018B2BCE-0DFA-4B8E-8567-43EDA90C53C1}.Debug|Any CPU.Build.0 = Debug|Any CPU
		{018B2BCE-0DFA-4B8E-8567-43EDA90C53C1}.Release|Any CPU.ActiveCfg = Release|Any CPU
		{018B2BCE-0DFA-4B8E-8567-43EDA90C53C1}.Release|Any CPU.Build.0 = Release|Any CPU
	EndGlobalSection
	GlobalSection(SolutionProperties) = preSolution
		HideSolutionNode = FALSE
	EndGlobalSection
	GlobalSection(ExtensibilityGlobals) = postSolution
		SolutionGuid = {2CBF09C7-01FD-4AEB-B5B6-7D129105CDA9}
	EndGlobalSection
EndGlobal
